{
  "pins" : [
    {
      "identity" : "orderedobjectset",
      "kind" : "remoteSourceControl",
      "location" : "https://github.com/SendOutCards/OrderedObjectSet.git",
      "state" : {
        "revision" : "c71446b97203b04166eb130cd9f5485e237a8f92",
        "version" : "6.0.1"
      }
    }
  ],
  "version" : 2
}
